// !$*UTF8*$!
{
	archiveVersion = 1;
	classes = {
	};
	objectVersion = 56;
	objects = {

/* Begin PBXBuildFile section */
		13D2E7832C7DAE8200B1C4DF /* WeatherApplicationApp.swift in Sources */ = {isa = PBXBuildFile; fileRef = 13D2E7822C7DAE8200B1C4DF /* WeatherApplicationApp.swift */; };
		13D2E7852C7DAE8200B1C4DF /* ContentView.swift in Sources */ = {isa = PBXBuildFile; fileRef = 13D2E7842C7DAE8200B1C4DF /* ContentView.swift */; };
		13D2E7872C7DAE8400B1C4DF /* Assets.xcassets in Resources */ = {isa = PBXBuildFile; fileRef = 13D2E7862C7DAE8400B1C4DF /* Assets.xcassets */; };
		13D2E78A2C7DAE8400B1C4DF /* Preview Assets.xcassets in Resources */ = {isa = PBXBuildFile; fileRef = 13D2E7892C7DAE8400B1C4DF /* Preview Assets.xcassets */; };
		13D2E7942C7DAED300B1C4DF /* weatherModel.swift in Sources */ = {isa = PBXBuildFile; fileRef = 13D2E7932C7DAED300B1C4DF /* weatherModel.swift */; };
		13D2E7962C7DAEE000B1C4DF /* apiManager.swift in Sources */ = {isa = PBXBuildFile; fileRef = 13D2E7952C7DAEE000B1C4DF /* apiManager.swift */; };
		13D2E7982C7DAEF200B1C4DF /* WeatherPresenter.swift in Sources */ = {isa = PBXBuildFile; fileRef = 13D2E7972C7DAEF200B1C4DF /* WeatherPresenter.swift */; };
		13D2E79B2C7DAF4900B1C4DF /* SDWebImage in Frameworks */ = {isa = PBXBuildFile; productRef = 13D2E79A2C7DAF4900B1C4DF /* SDWebImage */; };
		13D2E7A02C7DAF6100B1C4DF /* Alamofire in Frameworks */ = {isa = PBXBuildFile; productRef = 13D2E79F2C7DAF6100B1C4DF /* Alamofire */; };
/* End PBXBuildFile section */

/* Begin PBXFileReference section */
		13D2E77F2C7DAE8200B1C4DF /* WeatherApplication.app */ = {isa = PBXFileReference; explicitFileType = wrapper.application; includeInIndex = 0; path = WeatherApplication.app; sourceTree = BUILT_PRODUCTS_DIR; };
		13D2E7822C7DAE8200B1C4DF /* WeatherApplicationApp.swift */ = {isa = PBXFileReference; lastKnownFileType = sourcecode.swift; path = WeatherApplicationApp.swift; sourceTree = "<group>"; };
		13D2E7842C7DAE8200B1C4DF /* ContentView.swift */ = {isa = PBXFileReference; lastKnownFileType = sourcecode.swift; path = ContentView.swift; sourceTree = "<group>"; };
		13D2E7862C7DAE8400B1C4DF /* Assets.xcassets */ = {isa = PBXFileReference; lastKnownFileType = folder.assetcatalog; path = Assets.xcassets; sourceTree = "<group>"; };
		13D2E7892C7DAE8400B1C4DF /* Preview Assets.xcassets */ = {isa = PBXFileReference; lastKnownFileType = folder.assetcatalog; path = "Preview Assets.xcassets"; sourceTree = "<group>"; };
		13D2E7932C7DAED300B1C4DF /* weatherModel.swift */ = {isa = PBXFileReference; lastKnownFileType = sourcecode.swift; path = weatherModel.swift; sourceTree = "<group>"; };
		13D2E7952C7DAEE000B1C4DF /* apiManager.swift */ = {isa = PBXFileReference; lastKnownFileType = sourcecode.swift; path = apiManager.swift; sourceTree = "<group>"; };
		13D2E7972C7DAEF200B1C4DF /* WeatherPresenter.swift */ = {isa = PBXFileReference; lastKnownFileType = sourcecode.swift; path = WeatherPresenter.swift; sourceTree = "<group>"; };
/* End PBXFileReference section */

/* Begin PBXFrameworksBuildPhase section */
		13D2E77C2C7DAE8200B1C4DF /* Frameworks */ = {
			isa = PBXFrameworksBuildPhase;
			buildActionMask = 2147483647;
			files = (
				13D2E7A02C7DAF6100B1C4DF /* Alamofire in Frameworks */,
				13D2E79B2C7DAF4900B1C4DF /* SDWebImage in Frameworks */,
			);
			runOnlyForDeploymentPostprocessing = 0;
		};
/* End PBXFrameworksBuildPhase section */

/* Begin PBXGroup section */
		13D2E7762C7DAE8200B1C4DF = {
			isa = PBXGroup;
			children = (
				13D2E7812C7DAE8200B1C4DF /* WeatherApplication */,
				13D2E7802C7DAE8200B1C4DF /* Products */,
			);
			sourceTree = "<group>";
		};
		13D2E7802C7DAE8200B1C4DF /* Products */ = {
			isa = PBXGroup;
			children = (
				13D2E77F2C7DAE8200B1C4DF /* WeatherApplication.app */,
			);
			name = Products;
			sourceTree = "<group>";
		};
		13D2E7812C7DAE8200B1C4DF /* WeatherApplication */ = {
			isa = PBXGroup;
			children = (
				13D2E7922C7DAEAA00B1C4DF /* presenter */,
				13D2E7912C7DAE9B00B1C4DF /* view */,
				13D2E7902C7DAE8F00B1C4DF /* model */,
				13D2E7882C7DAE8400B1C4DF /* Preview Content */,
			);
			path = WeatherApplication;
			sourceTree = "<group>";
		};
		13D2E7882C7DAE8400B1C4DF /* Preview Content */ = {
			isa = PBXGroup;
			children = (
				13D2E7892C7DAE8400B1C4DF /* Preview Assets.xcassets */,
			);
			path = "Preview Content";
			sourceTree = "<group>";
		};
		13D2E7902C7DAE8F00B1C4DF /* model */ = {
			isa = PBXGroup;
			children = (
				13D2E7932C7DAED300B1C4DF /* weatherModel.swift */,
				13D2E7952C7DAEE000B1C4DF /* apiManager.swift */,
				13D2E7862C7DAE8400B1C4DF /* Assets.xcassets */,
			);
			path = model;
			sourceTree = "<group>";
		};
		13D2E7912C7DAE9B00B1C4DF /* view */ = {
			isa = PBXGroup;
			children = (
				13D2E7822C7DAE8200B1C4DF /* WeatherApplicationApp.swift */,
				13D2E7842C7DAE8200B1C4DF /* ContentView.swift */,
			);
			path = view;
			sourceTree = "<group>";
		};
		13D2E7922C7DAEAA00B1C4DF /* presenter */ = {
			isa = PBXGroup;
			children = (
				13D2E7972C7DAEF200B1C4DF /* WeatherPresenter.swift */,
			);
			path = presenter;
			sourceTree = "<group>";
		};
/* End PBXGroup section */

/* Begin PBXNativeTarget section */
		13D2E77E2C7DAE8200B1C4DF /* WeatherApplication */ = {
			isa = PBXNativeTarget;
			buildConfigurationList = 13D2E78D2C7DAE8400B1C4DF /* Build configuration list for PBXNativeTarget "WeatherApplication" */;
			buildPhases = (
				13D2E77B2C7DAE8200B1C4DF /* Sources */,
				13D2E77C2C7DAE8200B1C4DF /* Frameworks */,
				13D2E77D2C7DAE8200B1C4DF /* Resources */,
			);
			buildRules = (
			);
			dependencies = (
			);
			name = WeatherApplication;
			packageProductDependencies = (
				13D2E79A2C7DAF4900B1C4DF /* SDWebImage */,
				13D2E79F2C7DAF6100B1C4DF /* Alamofire */,
			);
			productName = WeatherApplication;
			productReference = 13D2E77F2C7DAE8200B1C4DF /* WeatherApplication.app */;
			productType = "com.apple.product-type.application";
		};
/* End PBXNativeTarget section */

/* Begin PBXProject section */
		13D2E7772C7DAE8200B1C4DF /* Project object */ = {
			isa = PBXProject;
			attributes = {
				BuildIndependentTargetsInParallel = 1;
				LastSwiftUpdateCheck = 1540;
				LastUpgradeCheck = 1540;
				TargetAttributes = {
					13D2E77E2C7DAE8200B1C4DF = {
						CreatedOnToolsVersion = 15.4;
					};
				};
			};
			buildConfigurationList = 13D2E77A2C7DAE8200B1C4DF /* Build configuration list for PBXProject "WeatherApplication" */;
			compatibilityVersion = "Xcode 14.0";
			developmentRegion = en;
			hasScannedForEncodings = 0;
			knownRegions = (
				en,
				Base,
			);
			mainGroup = 13D2E7762C7DAE8200B1C4DF;
			packageReferences = (
				13D2E7992C7DAF4900B1C4DF /* XCRemoteSwiftPackageReference "SDWebImage" */,
				13D2E79E2C7DAF6100B1C4DF /* XCRemoteSwiftPackageReference "Alamofire" */,
			);
			productRefGroup = 13D2E7802C7DAE8200B1C4DF /* Products */;
			projectDirPath = "";
			projectRoot = "";
			targets = (
				13D2E77E2C7DAE8200B1C4DF /* WeatherApplication */,
			);
		};
/* End PBXProject section */

/* Begin PBXResourcesBuildPhase section */
		13D2E77D2C7DAE8200B1C4DF /* Resources */ = {
			isa = PBXResourcesBuildPhase;
			buildActionMask = 2147483647;
			files = (
				13D2E78A2C7DAE8400B1C4DF /* Preview Assets.xcassets in Resources */,
				13D2E7872C7DAE8400B1C4DF /* Assets.xcassets in Resources */,
			);
			runOnlyForDeploymentPostprocessing = 0;
		};
/* End PBXResourcesBuildPhase section */

/* Begin PBXSourcesBuildPhase section */
		13D2E77B2C7DAE8200B1C4DF /* Sources */ = {
			isa = PBXSourcesBuildPhase;
			buildActionMask = 2147483647;
			files = (
				13D2E7982C7DAEF200B1C4DF /* WeatherPresenter.swift in Sources */,
				13D2E7962C7DAEE000B1C4DF /* apiManager.swift in Sources */,
				13D2E7852C7DAE8200B1C4DF /* ContentView.swift in Sources */,
				13D2E7942C7DAED300B1C4DF /* weatherModel.swift in Sources */,
				13D2E7832C7DAE8200B1C4DF /* WeatherApplicationApp.swift in Sources */,
			);
			runOnlyForDeploymentPostprocessing = 0;
		};
/* End PBXSourcesBuildPhase section */

/* Begin XCBuildConfiguration section */
		13D2E78B2C7DAE8400B1C4DF /* Debug */ = {
			isa = XCBuildConfiguration;
			buildSettings = {
				ALWAYS_SEARCH_USER_PATHS = NO;
				ASSETCATALOG_COMPILER_GENERATE_SWIFT_ASSET_SYMBOL_EXTENSIONS = YES;
				CLANG_ANALYZER_NONNULL = YES;
				CLANG_ANALYZER_NUMBER_OBJECT_CONVERSION = YES_AGGRESSIVE;
				CLANG_CXX_LANGUAGE_STANDARD = "gnu++20";
				CLANG_ENABLE_MODULES = YES;
				CLANG_ENABLE_OBJC_ARC = YES;
				CLANG_ENABLE_OBJC_WEAK = YES;
				CLANG_WARN_BLOCK_CAPTURE_AUTORELEASING = YES;
				CLANG_WARN_BOOL_CONVERSION = YES;
				CLANG_WARN_COMMA = YES;
				CLANG_WARN_CONSTANT_CONVERSION = YES;
				CLANG_WARN_DEPRECATED_OBJC_IMPLEMENTATIONS = YES;
				CLANG_WARN_DIRECT_OBJC_ISA_USAGE = YES_ERROR;
				CLANG_WARN_DOCUMENTATION_COMMENTS = YES;
				CLANG_WARN_EMPTY_BODY = YES;
				CLANG_WARN_ENUM_CONVERSION = YES;
				CLANG_WARN_INFINITE_RECURSION = YES;
				CLANG_WARN_INT_CONVERSION = YES;
				CLANG_WARN_NON_LITERAL_NULL_CONVERSION = YES;
				CLANG_WARN_OBJC_IMPLICIT_RETAIN_SELF = YES;
				CLANG_WARN_OBJC_LITERAL_CONVERSION = YES;
				CLANG_WARN_OBJC_ROOT_CLASS = YES_ERROR;
				CLANG_WARN_QUOTED_INCLUDE_IN_FRAMEWORK_HEADER = YES;
				CLANG_WARN_RANGE_LOOP_ANALYSIS = YES;
				CLANG_WARN_STRICT_PROTOTYPES = YES;
				CLANG_WARN_SUSPICIOUS_MOVE = YES;
				CLANG_WARN_UNGUARDED_AVAILABILITY = YES_AGGRESSIVE;
				CLANG_WARN_UNREACHABLE_CODE = YES;
				CLANG_WARN__DUPLICATE_METHOD_MATCH = YES;
				COPY_PHASE_STRIP = NO;
				DEBUG_INFORMATION_FORMAT = dwarf;
				ENABLE_STRICT_OBJC_MSGSEND = YES;
				ENABLE_TESTABILITY = YES;
				ENABLE_USER_SCRIPT_SANDBOXING = YES;
				GCC_C_LANGUAGE_STANDARD = gnu17;
				GCC_DYNAMIC_NO_PIC = NO;
				GCC_NO_COMMON_BLOCKS = YES;
				GCC_OPTIMIZATION_LEVEL = 0;
				GCC_PREPROCESSOR_DEFINITIONS = (
					"DEBUG=1",
					"$(inherited)",
				);
				GCC_WARN_64_TO_32_BIT_CONVERSION = YES;
				GCC_WARN_ABOUT_RETURN_TYPE = YES_ERROR;
				GCC_WARN_UNDECLARED_SELECTOR = YES;
				GCC_WARN_UNINITIALIZED_AUTOS = YES_AGGRESSIVE;
				GCC_WARN_UNUSED_FUNCTION = YES;
				GCC_WARN_UNUSED_VARIABLE = YES;
				IPHONEOS_DEPLOYMENT_TARGET = 17.5;
				LOCALIZATION_PREFERS_STRING_CATALOGS = YES;
				MTL_ENABLE_DEBUG_INFO = INCLUDE_SOURCE;
				MTL_FAST_MATH = YES;
				ONLY_ACTIVE_ARCH = YES;
				SDKROOT = iphoneos;
				SWIFT_ACTIVE_COMPILATION_CONDITIONS = "DEBUG $(inherited)";
				SWIFT_OPTIMIZATION_LEVEL = "-Onone";
			};
			name = Debug;
		};
		13D2E78C2C7DAE8400B1C4DF /* Release */ = {
			isa = XCBuildConfiguration;
			buildSettings = {
				ALWAYS_SEARCH_USER_PATHS = NO;
				ASSETCATALOG_COMPILER_GENERATE_SWIFT_ASSET_SYMBOL_EXTENSIONS = YES;
				CLANG_ANALYZER_NONNULL = YES;
				CLANG_ANALYZER_NUMBER_OBJECT_CONVERSION = YES_AGGRESSIVE;
				CLANG_CXX_LANGUAGE_STANDARD = "gnu++20";
				CLANG_ENABLE_MODULES = YES;
				CLANG_ENABLE_OBJC_ARC = YES;
				CLANG_ENABLE_OBJC_WEAK = YES;
				CLANG_WARN_BLOCK_CAPTURE_AUTORELEASING = YES;
				CLANG_WARN_BOOL_CONVERSION = YES;
				CLANG_WARN_COMMA = YES;
				CLANG_WARN_CONSTANT_CONVERSION = YES;
				CLANG_WARN_DEPRECATED_OBJC_IMPLEMENTATIONS = YES;
				CLANG_WARN_DIRECT_OBJC_ISA_USAGE = YES_ERROR;
				CLANG_WARN_DOCUMENTATION_COMMENTS = YES;
				CLANG_WARN_EMPTY_BODY = YES;
				CLANG_WARN_ENUM_CONVERSION = YES;
				CLANG_WARN_INFINITE_RECURSION = YES;
				CLANG_WARN_INT_CONVERSION = YES;
				CLANG_WARN_NON_LITERAL_NULL_CONVERSION = YES;
				CLANG_WARN_OBJC_IMPLICIT_RETAIN_SELF = YES;
				CLANG_WARN_OBJC_LITERAL_CONVERSION = YES;
				CLANG_WARN_OBJC_ROOT_CLASS = YES_ERROR;
				CLANG_WARN_QUOTED_INCLUDE_IN_FRAMEWORK_HEADER = YES;
				CLANG_WARN_RANGE_LOOP_ANALYSIS = YES;
				CLANG_WARN_STRICT_PROTOTYPES = YES;
				CLANG_WARN_SUSPICIOUS_MOVE = YES;
				CLANG_WARN_UNGUARDED_AVAILABILITY = YES_AGGRESSIVE;
				CLANG_WARN_UNREACHABLE_CODE = YES;
				CLANG_WARN__DUPLICATE_METHOD_MATCH = YES;
				COPY_PHASE_STRIP = NO;
				DEBUG_INFORMATION_FORMAT = "dwarf-with-dsym";
				ENABLE_NS_ASSERTIONS = NO;
				ENABLE_STRICT_OBJC_MSGSEND = YES;
				ENABLE_USER_SCRIPT_SANDBOXING = YES;
				GCC_C_LANGUAGE_STANDARD = gnu17;
				GCC_NO_COMMON_BLOCKS = YES;
				GCC_WARN_64_TO_32_BIT_CONVERSION = YES;
				GCC_WARN_ABOUT_RETURN_TYPE = YES_ERROR;
				GCC_WARN_UNDECLARED_SELECTOR = YES;
				GCC_WARN_UNINITIALIZED_AUTOS = YES_AGGRESSIVE;
				GCC_WARN_UNUSED_FUNCTION = YES;
				GCC_WARN_UNUSED_VARIABLE = YES;
				IPHONEOS_DEPLOYMENT_TARGET = 17.5;
				LOCALIZATION_PREFERS_STRING_CATALOGS = YES;
				MTL_ENABLE_DEBUG_INFO = NO;
				MTL_FAST_MATH = YES;
				SDKROOT = iphoneos;
				SWIFT_COMPILATION_MODE = wholemodule;
				VALIDATE_PRODUCT = YES;
			};
			name = Release;
		};
		13D2E78E2C7DAE8400B1C4DF /* Debug */ = {
			isa = XCBuildConfiguration;
			buildSettings = {
				ASSETCATALOG_COMPILER_APPICON_NAME = AppIcon;
				ASSETCATALOG_COMPILER_GLOBAL_ACCENT_COLOR_NAME = AccentColor;
				CODE_SIGN_STYLE = Automatic;
				CURRENT_PROJECT_VERSION = 1;
				DEVELOPMENT_ASSET_PATHS = "\"WeatherApplication/Preview Content\"";
				ENABLE_PREVIEWS = YES;
				GENERATE_INFOPLIST_FILE = YES;
				INFOPLIST_KEY_UIApplicationSceneManifest_Generation = YES;
				INFOPLIST_KEY_UIApplicationSupportsIndirectInputEvents = YES;
				INFOPLIST_KEY_UILaunchScreen_Generation = YES;
				INFOPLIST_KEY_UISupportedInterfaceOrientations_iPad = "UIInterfaceOrientationPortrait UIInterfaceOrientationPortraitUpsideDown UIInterfaceOrientationLandscapeLeft UIInterfaceOrientationLandscapeRight";
				INFOPLIST_KEY_UISupportedInterfaceOrientations_iPhone = "UIInterfaceOrientationPortrait UIInterfaceOrientationLandscapeLeft UIInterfaceOrientationLandscapeRight";
				LD_RUNPATH_SEARCH_PATHS = (
					"$(inherited)",
					"@executable_path/Frameworks",
				);
				MARKETING_VERSION = 1.0;
				PRODUCT_BUNDLE_IDENTIFIER = task.WeatherApplication;
				PRODUCT_NAME = "$(TARGET_NAME)";
				SWIFT_EMIT_LOC_STRINGS = YES;
				SWIFT_VERSION = 5.0;
				TARGETED_DEVICE_FAMILY = "1,2";
			};
			name = Debug;
		};
		13D2E78F2C7DAE8400B1C4DF /* Release */ = {
			isa = XCBuildConfiguration;
			buildSettings = {
				ASSETCATALOG_COMPILER_APPICON_NAME = AppIcon;
				ASSETCATALOG_COMPILER_GLOBAL_ACCENT_COLOR_NAME = AccentColor;
				CODE_SIGN_STYLE = Automatic;
				CURRENT_PROJECT_VERSION = 1;
				DEVELOPMENT_ASSET_PATHS = "\"WeatherApplication/Preview Content\"";
				ENABLE_PREVIEWS = YES;
				GENERATE_INFOPLIST_FILE = YES;
				INFOPLIST_KEY_UIApplicationSceneManifest_Generation = YES;
				INFOPLIST_KEY_UIApplicationSupportsIndirectInputEvents = YES;
				INFOPLIST_KEY_UILaunchScreen_Generation = YES;
				INFOPLIST_KEY_UISupportedInterfaceOrientations_iPad = "UIInterfaceOrientationPortrait UIInterfaceOrientationPortraitUpsideDown UIInterfaceOrientationLandscapeLeft UIInterfaceOrientationLandscapeRight";
				INFOPLIST_KEY_UISupportedInterfaceOrientations_iPhone = "UIInterfaceOrientationPortrait UIInterfaceOrientationLandscapeLeft UIInterfaceOrientationLandscapeRight";
				LD_RUNPATH_SEARCH_PATHS = (
					"$(inherited)",
					"@executable_path/Frameworks",
				);
				MARKETING_VERSION = 1.0;
				PRODUCT_BUNDLE_IDENTIFIER = task.WeatherApplication;
				PRODUCT_NAME = "$(TARGET_NAME)";
				SWIFT_EMIT_LOC_STRINGS = YES;
				SWIFT_VERSION = 5.0;
				TARGETED_DEVICE_FAMILY = "1,2";
			};
			name = Release;
		};
/* End XCBuildConfiguration section */

/* Begin XCConfigurationList section */
		13D2E77A2C7DAE8200B1C4DF /* Build configuration list for PBXProject "WeatherApplication" */ = {
			isa = XCConfigurationList;
			buildConfigurations = (
				13D2E78B2C7DAE8400B1C4DF /* Debug */,
				13D2E78C2C7DAE8400B1C4DF /* Release */,
			);
			defaultConfigurationIsVisible = 0;
			defaultConfigurationName = Release;
		};
		13D2E78D2C7DAE8400B1C4DF /* Build configuration list for PBXNativeTarget "WeatherApplication" */ = {
			isa = XCConfigurationList;
			buildConfigurations = (
				13D2E78E2C7DAE8400B1C4DF /* Debug */,
				13D2E78F2C7DAE8400B1C4DF /* Release */,
			);
			defaultConfigurationIsVisible = 0;
			defaultConfigurationName = Release;
		};
/* End XCConfigurationList section */

/* Begin XCRemoteSwiftPackageReference section */
		13D2E7992C7DAF4900B1C4DF /* XCRemoteSwiftPackageReference "SDWebImage" */ = {
			isa = XCRemoteSwiftPackageReference;
			repositoryURL = "https://github.com/SDWebImage/SDWebImage.git";
			requirement = {
				kind = upToNextMajorVersion;
				minimumVersion = 5.19.7;
			};
		};
		13D2E79E2C7DAF6100B1C4DF /* XCRemoteSwiftPackageReference "Alamofire" */ = {
			isa = XCRemoteSwiftPackageReference;
			repositoryURL = "https://github.com/Alamofire/Alamofire.git";
			requirement = {
				kind = upToNextMajorVersion;
				minimumVersion = 5.9.1;
			};
		};
/* End XCRemoteSwiftPackageReference section */

/* Begin XCSwiftPackageProductDependency section */
		13D2E79A2C7DAF4900B1C4DF /* SDWebImage */ = {
			isa = XCSwiftPackageProductDependency;
			package = 13D2E7992C7DAF4900B1C4DF /* XCRemoteSwiftPackageReference "SDWebImage" */;
			productName = SDWebImage;
		};
		13D2E79F2C7DAF6100B1C4DF /* Alamofire */ = {
			isa = XCSwiftPackageProductDependency;
			package = 13D2E79E2C7DAF6100B1C4DF /* XCRemoteSwiftPackageReference "Alamofire" */;
			productName = Alamofire;
		};
/* End XCSwiftPackageProductDependency section */
	};
	rootObject = 13D2E7772C7DAE8200B1C4DF /* Project object */;
}
